
Microsoft Visual Studio Solution File, Format Version 11.00
# Visual Studio 2010
Project("{FAE04EC0-301F-11D3-BF4B-00C04F79EFBC}") = "Kill Hitler", "Assembly-CSharp-firstpass.csproj", "{3DDDCC90-3531-3EE0-4888-7E7745B087F0}"
EndProject
Project("{FAE04EC0-301F-11D3-BF4B-00C04F79EFBC}") = "Kill Hitler", "Assembly-CSharp.csproj", "{02932636-DD60-7CDE-036C-8C329BDA9AB5}"
EndProject
Project("{FAE04EC0-301F-11D3-BF4B-00C04F79EFBC}") = "Kill Hitler", "Assembly-CSharp-Editor-firstpass.csproj", "{97965777-C517-85FB-162A-C15AB0890215}"
EndProject
Global
	GlobalSection(SolutionConfigurationPlatforms) = preSolution
		Debug|Any CPU = Debug|Any CPU
		Release|Any CPU = Release|Any CPU
	EndGlobalSection
	GlobalSection(ProjectConfigurationPlatforms) = postSolution
		{3DDDCC90-3531-3EE0-4888-7E7745B087F0}.Debug|Any CPU.ActiveCfg = Debug|Any CPU
		{3DDDCC90-3531-3EE0-4888-7E7745B087F0}.Debug|Any CPU.Build.0 = Debug|Any CPU
		{3DDDCC90-3531-3EE0-4888-7E7745B087F0}.Release|Any CPU.ActiveCfg = Release|Any CPU
		{3DDDCC90-3531-3EE0-4888-7E7745B087F0}.Release|Any CPU.Build.0 = Release|Any CPU
		{02932636-DD60-7CDE-036C-8C329BDA9AB5}.Debug|Any CPU.ActiveCfg = Debug|Any CPU
		{02932636-DD60-7CDE-036C-8C329BDA9AB5}.Debug|Any CPU.Build.0 = Debug|Any CPU
		{02932636-DD60-7CDE-036C-8C329BDA9AB5}.Release|Any CPU.ActiveCfg = Release|Any CPU
		{02932636-DD60-7CDE-036C-8C329BDA9AB5}.Release|Any CPU.Build.0 = Release|Any CPU
		{97965777-C517-85FB-162A-C15AB0890215}.Debug|Any CPU.ActiveCfg = Debug|Any CPU
		{97965777-C517-85FB-162A-C15AB0890215}.Debug|Any CPU.Build.0 = Debug|Any CPU
		{97965777-C517-85FB-162A-C15AB0890215}.Release|Any CPU.ActiveCfg = Release|Any CPU
		{97965777-C517-85FB-162A-C15AB0890215}.Release|Any CPU.Build.0 = Release|Any CPU
	EndGlobalSection
	GlobalSection(SolutionProperties) = preSolution
		HideSolutionNode = FALSE
	EndGlobalSection
	GlobalSection(MonoDevelopProperties) = preSolution
		StartupItem = Assembly-CSharp.csproj
	EndGlobalSection
EndGlobal
